Microsoft Visual Studio Solution File, Format Version 12.00
# Visual Studio Version 17
VisualStudioVersion = 17.5.2.0
MinimumVisualStudioVersion = 10.0.40219.1
Project("{FAE04EC0-301F-11D3-BF4B-00C04F79EFBC}") = "StrategyPattern", "Chapter 1: Strategy Pattern\StrategyPattern.csproj", "{A99310AE-6D93-B004-BCDB-918E8AD4237A}"
EndProject
Project("{FAE04EC0-301F-11D3-BF4B-00C04F79EFBC}") = "Observer", "Chapter 2: Observer Pattern\Observer.csproj", "{2444BA28-1CCF-1A76-5C90-27C1B42FE293}"
EndProject
Global
	GlobalSection(SolutionConfigurationPlatforms) = preSolution
		Debug|Any CPU = Debug|Any CPU
		Release|Any CPU = Release|Any CPU
	EndGlobalSection
	GlobalSection(ProjectConfigurationPlatforms) = postSolution
		{A99310AE-6D93-B004-BCDB-918E8AD4237A}.Debug|Any CPU.ActiveCfg = Debug|Any CPU
		{A99310AE-6D93-B004-BCDB-918E8AD4237A}.Debug|Any CPU.Build.0 = Debug|Any CPU
		{A99310AE-6D93-B004-BCDB-918E8AD4237A}.Release|Any CPU.ActiveCfg = Release|Any CPU
		{A99310AE-6D93-B004-BCDB-918E8AD4237A}.Release|Any CPU.Build.0 = Release|Any CPU
		{2444BA28-1CCF-1A76-5C90-27C1B42FE293}.Debug|Any CPU.ActiveCfg = Debug|Any CPU
		{2444BA28-1CCF-1A76-5C90-27C1B42FE293}.Debug|Any CPU.Build.0 = Debug|Any CPU
		{2444BA28-1CCF-1A76-5C90-27C1B42FE293}.Release|Any CPU.ActiveCfg = Release|Any CPU
		{2444BA28-1CCF-1A76-5C90-27C1B42FE293}.Release|Any CPU.Build.0 = Release|Any CPU
	EndGlobalSection
	GlobalSection(SolutionProperties) = preSolution
		HideSolutionNode = FALSE
	EndGlobalSection
	GlobalSection(ExtensibilityGlobals) = postSolution
		SolutionGuid = {D508D282-E39A-49E6-B769-9ABACE084843}
	EndGlobalSection
EndGlobal
